<?xml version="1.0" encoding="utf-8"?>
<Project ToolsVersion="4.0" xmlns="http://schemas.microsoft.com/developer/msbuild/2003">
  <ItemGroup>
    <Filter Include="Default">
      <UniqueIdentifier>{8a573f6a-2a41-4169-aa0c-f0abb8eb56e4}</UniqueIdentifier>
    </Filter>
    <Filter Include="IOCP">
      <UniqueIdentifier>{fd4c5155-f902-4676-a715-ef34300a4289}</UniqueIdentifier>
    </Filter>
    <Filter Include="Echo">
      <UniqueIdentifier>{7ad7d060-085b-41ae-afa0-da888b3572f3}</UniqueIdentifier>
    </Filter>
    <Filter Include="Chat">
      <UniqueIdentifier>{9db0cf62-4d8d-485a-89b6-eaa38e3e5a2d}</UniqueIdentifier>
    </Filter>
    <Filter Include="Manager">
      <UniqueIdentifier>{9a9c5603-6f7c-4127-9b94-d8fe8c8343b0}</UniqueIdentifier>
    </Filter>
    <Filter Include="Manager\Packet">
      <UniqueIdentifier>{936feb29-8386-47cf-a685-45fd4c2b8e22}</UniqueIdentifier>
    </Filter>
    <Filter Include="Manager\User">
      <UniqueIdentifier>{c52be7a3-de8e-445e-9804-50e2a3cc5c93}</UniqueIdentifier>
    </Filter>
  </ItemGroup>
  <ItemGroup>
    <ClCompile Include="..\Private\IOCPServer.cpp">
      <Filter>IOCP</Filter>
    </ClCompile>
    <ClCompile Include="main.cpp">
      <Filter>Default</Filter>
    </ClCompile>
    <ClCompile Include="..\Private\EchoServer.cpp">
      <Filter>Echo</Filter>
    </ClCompile>
    <ClCompile Include="..\Private\ChatServer.cpp">
      <Filter>Chat</Filter>
    </ClCompile>
    <ClCompile Include="..\Private\PacketManager.cpp">
      <Filter>Manager\Packet</Filter>
    </ClCompile>
    <ClCompile Include="..\Private\UserManager.cpp">
      <Filter>Manager\User</Filter>
    </ClCompile>
  </ItemGroup>
  <ItemGroup>
    <ClInclude Include="..\Public\IOCPServer.h">
      <Filter>IOCP</Filter>
    </ClInclude>
    <ClInclude Include="..\Public\EchoServer.h">
      <Filter>Echo</Filter>
    </ClInclude>
    <ClInclude Include="..\Public\ChatServer.h">
      <Filter>Chat</Filter>
    </ClInclude>
    <ClInclude Include="..\Public\PacketManager.h">
      <Filter>Manager\Packet</Filter>
    </ClInclude>
    <ClInclude Include="..\Public\UserManager.h">
      <Filter>Manager\User</Filter>
    </ClInclude>
  </ItemGroup>
</Project>