<?xml version="1.0" encoding="utf-8"?>
<Project ToolsVersion="4.0" xmlns="http://schemas.microsoft.com/developer/msbuild/2003">
  <ItemGroup>
    <Filter Include="Default">
      <UniqueIdentifier>{8a573f6a-2a41-4169-aa0c-f0abb8eb56e4}</UniqueIdentifier>
    </Filter>
    <Filter Include="IOCP">
      <UniqueIdentifier>{fd4c5155-f902-4676-a715-ef34300a4289}</UniqueIdentifier>
    </Filter>
    <Filter Include="Echo">
      <UniqueIdentifier>{7ad7d060-085b-41ae-afa0-da888b3572f3}</UniqueIdentifier>
    </Filter>
  </ItemGroup>
  <ItemGroup>
    <ClCompile Include="..\Private\IOCPServer.cpp">
      <Filter>IOCP</Filter>
    </ClCompile>
    <ClCompile Include="main.cpp">
      <Filter>Default</Filter>
    </ClCompile>
    <ClCompile Include="..\Private\EchoServer.cpp">
      <Filter>Echo</Filter>
    </ClCompile>
  </ItemGroup>
  <ItemGroup>
    <ClInclude Include="..\Public\IOCPServer.h">
      <Filter>IOCP</Filter>
    </ClInclude>
    <ClInclude Include="..\Public\EchoServer.h">
      <Filter>Echo</Filter>
    </ClInclude>
  </ItemGroup>
</Project>