<?xml version="1.0" encoding="utf-8"?>
<Project ToolsVersion="4.0" xmlns="http://schemas.microsoft.com/developer/msbuild/2003">
  <ItemGroup>
    <Filter Include="Default">
      <UniqueIdentifier>{4c462ad3-8177-40c4-9002-af24b6095356}</UniqueIdentifier>
    </Filter>
    <Filter Include="Headers">
      <UniqueIdentifier>{55481444-4286-4e32-b113-553c792056da}</UniqueIdentifier>
    </Filter>
  </ItemGroup>
  <ItemGroup>
    <ClInclude Include="..\Public\Common_Define.h">
      <Filter>Headers</Filter>
    </ClInclude>
    <ClInclude Include="..\Public\Common_Typedef.h">
      <Filter>Headers</Filter>
    </ClInclude>
    <ClInclude Include="..\Public\Common_Debug.h">
      <Filter>Headers</Filter>
    </ClInclude>
  </ItemGroup>
</Project>