<?xml version="1.0" encoding="utf-8"?>
<Project ToolsVersion="4.0" xmlns="http://schemas.microsoft.com/developer/msbuild/2003">
  <ItemGroup>
    <Filter Include="Default">
      <UniqueIdentifier>{27454d7c-8237-4a14-b9f5-2ec4d1b70dfe}</UniqueIdentifier>
    </Filter>
    <Filter Include="IOCP">
      <UniqueIdentifier>{33d5c616-aa29-484a-bfe2-a46106ee9d88}</UniqueIdentifier>
    </Filter>
    <Filter Include="Header">
      <UniqueIdentifier>{79c50834-5810-4d4b-b4d2-faf46f8df2e9}</UniqueIdentifier>
    </Filter>
  </ItemGroup>
  <ItemGroup>
    <ClCompile Include="main.cpp">
      <Filter>Default</Filter>
    </ClCompile>
    <ClCompile Include="..\Private\IOCompletionPort.cpp">
      <Filter>IOCP</Filter>
    </ClCompile>
  </ItemGroup>
  <ItemGroup>
    <ClInclude Include="..\Public\IOCompletionPort.h">
      <Filter>IOCP</Filter>
    </ClInclude>
    <ClInclude Include="..\Public\typedef.h">
      <Filter>Header</Filter>
    </ClInclude>
    <ClInclude Include="..\Public\Defines.h">
      <Filter>Header</Filter>
    </ClInclude>
    <ClInclude Include="..\Public\Struct.h">
      <Filter>Header</Filter>
    </ClInclude>
  </ItemGroup>
</Project>